
Microsoft Visual Studio Solution File, Format Version 12.00
# Visual Studio Version 17
VisualStudioVersion = 17.13.35931.197 d17.13
MinimumVisualStudioVersion = 10.0.40219.1
Project("{8BC9CEB8-8B4A-11D0-8D11-00A0C91BC942}") = "Project0402", "Project0402\Project0402.vcxproj", "{A2F68A19-00B8-4532-A09D-824078A94099}"
EndProject
Global
	GlobalSection(SolutionConfigurationPlatforms) = preSolution
		Debug|x64 = Debug|x64
		Debug|x86 = Debug|x86
		Release|x64 = Release|x64
		Release|x86 = Release|x86
	EndGlobalSection
	GlobalSection(ProjectConfigurationPlatforms) = postSolution
		{A2F68A19-00B8-4532-A09D-824078A94099}.Debug|x64.ActiveCfg = Debug|x64
		{A2F68A19-00B8-4532-A09D-824078A94099}.Debug|x64.Build.0 = Debug|x64
		{A2F68A19-00B8-4532-A09D-824078A94099}.Debug|x86.ActiveCfg = Debug|Win32
		{A2F68A19-00B8-4532-A09D-824078A94099}.Debug|x86.Build.0 = Debug|Win32
		{A2F68A19-00B8-4532-A09D-824078A94099}.Release|x64.ActiveCfg = Release|x64
		{A2F68A19-00B8-4532-A09D-824078A94099}.Release|x64.Build.0 = Release|x64
		{A2F68A19-00B8-4532-A09D-824078A94099}.Release|x86.ActiveCfg = Release|Win32
		{A2F68A19-00B8-4532-A09D-824078A94099}.Release|x86.Build.0 = Release|Win32
	EndGlobalSection
	GlobalSection(SolutionProperties) = preSolution
		HideSolutionNode = FALSE
	EndGlobalSection
	GlobalSection(ExtensibilityGlobals) = postSolution
		SolutionGuid = {C31976B6-1274-45D3-824B-AEAF1CF4F1C2}
	EndGlobalSection
EndGlobal
